// !$*UTF8*$!
{
	archiveVersion = 1;
	classes = {
	};
	objectVersion = 55;
	objects = {

/* Begin PBXBuildFile section */
		AB1CA9DD28D029DC00D9DEDC /* MainTabView.swift in Sources */ = {isa = PBXBuildFile; fileRef = AB1CA9DC28D029DC00D9DEDC /* MainTabView.swift */; };
		AB1CA9E528D02AC900D9DEDC /* CustomSecureField.swift in Sources */ = {isa = PBXBuildFile; fileRef = AB1CA9DE28D02AC900D9DEDC /* CustomSecureField.swift */; };
		AB1CA9E628D02AC900D9DEDC /* ImagePicker.swift in Sources */ = {isa = PBXBuildFile; fileRef = AB1CA9DF28D02AC900D9DEDC /* ImagePicker.swift */; };
		AB1CA9E728D02AC900D9DEDC /* Extensions.swift in Sources */ = {isa = PBXBuildFile; fileRef = AB1CA9E028D02AC900D9DEDC /* Extensions.swift */; };
		AB1CA9E828D02AC900D9DEDC /* Constants.swift in Sources */ = {isa = PBXBuildFile; fileRef = AB1CA9E128D02AC900D9DEDC /* Constants.swift */; };
		AB1CA9E928D02AC900D9DEDC /* CustomTextField.swift in Sources */ = {isa = PBXBuildFile; fileRef = AB1CA9E228D02AC900D9DEDC /* CustomTextField.swift */; };
		AB1CA9EA28D02AC900D9DEDC /* TextArea.swift in Sources */ = {isa = PBXBuildFile; fileRef = AB1CA9E328D02AC900D9DEDC /* TextArea.swift */; };
		AB1CA9EB28D02AC900D9DEDC /* LazyView.swift in Sources */ = {isa = PBXBuildFile; fileRef = AB1CA9E428D02AC900D9DEDC /* LazyView.swift */; };
		AB80BB7D28C944B30009B56D /* InstagramApp.swift in Sources */ = {isa = PBXBuildFile; fileRef = AB80BB7C28C944B30009B56D /* InstagramApp.swift */; };
		AB80BB8128C944B50009B56D /* Assets.xcassets in Resources */ = {isa = PBXBuildFile; fileRef = AB80BB8028C944B50009B56D /* Assets.xcassets */; };
		AB80BB8428C944B50009B56D /* Preview Assets.xcassets in Resources */ = {isa = PBXBuildFile; fileRef = AB80BB8328C944B50009B56D /* Preview Assets.xcassets */; };
		AB80BB9028C945E50009B56D /* ContentView.swift in Sources */ = {isa = PBXBuildFile; fileRef = AB80BB8F28C945E50009B56D /* ContentView.swift */; };
/* End PBXBuildFile section */

/* Begin PBXFileReference section */
		AB1CA9DC28D029DC00D9DEDC /* MainTabView.swift */ = {isa = PBXFileReference; lastKnownFileType = sourcecode.swift; path = MainTabView.swift; sourceTree = "<group>"; };
		AB1CA9DE28D02AC900D9DEDC /* CustomSecureField.swift */ = {isa = PBXFileReference; fileEncoding = 4; lastKnownFileType = sourcecode.swift; path = CustomSecureField.swift; sourceTree = "<group>"; };
		AB1CA9DF28D02AC900D9DEDC /* ImagePicker.swift */ = {isa = PBXFileReference; fileEncoding = 4; lastKnownFileType = sourcecode.swift; path = ImagePicker.swift; sourceTree = "<group>"; };
		AB1CA9E028D02AC900D9DEDC /* Extensions.swift */ = {isa = PBXFileReference; fileEncoding = 4; lastKnownFileType = sourcecode.swift; path = Extensions.swift; sourceTree = "<group>"; };
		AB1CA9E128D02AC900D9DEDC /* Constants.swift */ = {isa = PBXFileReference; fileEncoding = 4; lastKnownFileType = sourcecode.swift; path = Constants.swift; sourceTree = "<group>"; };
		AB1CA9E228D02AC900D9DEDC /* CustomTextField.swift */ = {isa = PBXFileReference; fileEncoding = 4; lastKnownFileType = sourcecode.swift; path = CustomTextField.swift; sourceTree = "<group>"; };
		AB1CA9E328D02AC900D9DEDC /* TextArea.swift */ = {isa = PBXFileReference; fileEncoding = 4; lastKnownFileType = sourcecode.swift; path = TextArea.swift; sourceTree = "<group>"; };
		AB1CA9E428D02AC900D9DEDC /* LazyView.swift */ = {isa = PBXFileReference; fileEncoding = 4; lastKnownFileType = sourcecode.swift; path = LazyView.swift; sourceTree = "<group>"; };
		AB80BB7928C944B30009B56D /* Instagram.app */ = {isa = PBXFileReference; explicitFileType = wrapper.application; includeInIndex = 0; path = Instagram.app; sourceTree = BUILT_PRODUCTS_DIR; };
		AB80BB7C28C944B30009B56D /* InstagramApp.swift */ = {isa = PBXFileReference; lastKnownFileType = sourcecode.swift; path = InstagramApp.swift; sourceTree = "<group>"; };
		AB80BB8028C944B50009B56D /* Assets.xcassets */ = {isa = PBXFileReference; lastKnownFileType = folder.assetcatalog; path = Assets.xcassets; sourceTree = "<group>"; };
		AB80BB8328C944B50009B56D /* Preview Assets.xcassets */ = {isa = PBXFileReference; lastKnownFileType = folder.assetcatalog; path = "Preview Assets.xcassets"; sourceTree = "<group>"; };
		AB80BB8F28C945E50009B56D /* ContentView.swift */ = {isa = PBXFileReference; lastKnownFileType = sourcecode.swift; path = ContentView.swift; sourceTree = "<group>"; };
/* End PBXFileReference section */

/* Begin PBXFrameworksBuildPhase section */
		AB80BB7628C944B30009B56D /* Frameworks */ = {
			isa = PBXFrameworksBuildPhase;
			buildActionMask = 2147483647;
			files = (
			);
			runOnlyForDeploymentPostprocessing = 0;
		};
/* End PBXFrameworksBuildPhase section */

/* Begin PBXGroup section */
		AB80BB7028C944B30009B56D = {
			isa = PBXGroup;
			children = (
				AB80BB7B28C944B30009B56D /* Instagram */,
				AB80BB7A28C944B30009B56D /* Products */,
			);
			sourceTree = "<group>";
		};
		AB80BB7A28C944B30009B56D /* Products */ = {
			isa = PBXGroup;
			children = (
				AB80BB7928C944B30009B56D /* Instagram.app */,
			);
			name = Products;
			sourceTree = "<group>";
		};
		AB80BB7B28C944B30009B56D /* Instagram */ = {
			isa = PBXGroup;
			children = (
				AB80BB8E28C9457A0009B56D /* Model */,
				AB80BB8D28C945790009B56D /* View */,
				AB80BB8A28C945720009B56D /* ViewModel */,
				AB80BB8C28C945770009B56D /* Utils */,
				AB80BB8B28C945750009B56D /* API */,
				AB80BB7C28C944B30009B56D /* InstagramApp.swift */,
				AB80BB8028C944B50009B56D /* Assets.xcassets */,
				AB80BB8228C944B50009B56D /* Preview Content */,
			);
			path = Instagram;
			sourceTree = "<group>";
		};
		AB80BB8228C944B50009B56D /* Preview Content */ = {
			isa = PBXGroup;
			children = (
				AB80BB8328C944B50009B56D /* Preview Assets.xcassets */,
			);
			path = "Preview Content";
			sourceTree = "<group>";
		};
		AB80BB8A28C945720009B56D /* ViewModel */ = {
			isa = PBXGroup;
			children = (
				AB80BB9A28C946BB0009B56D /* Profile */,
				AB80BB9B28C946C20009B56D /* Authentication */,
				AB80BB9C28C946CA0009B56D /* Notifications */,
				AB80BB9D28C946CF0009B56D /* Feed */,
			);
			path = ViewModel;
			sourceTree = "<group>";
		};
		AB80BB8B28C945750009B56D /* API */ = {
			isa = PBXGroup;
			children = (
			);
			path = API;
			sourceTree = "<group>";
		};
		AB80BB8C28C945770009B56D /* Utils */ = {
			isa = PBXGroup;
			children = (
				AB1CA9E128D02AC900D9DEDC /* Constants.swift */,
				AB1CA9DE28D02AC900D9DEDC /* CustomSecureField.swift */,
				AB1CA9E228D02AC900D9DEDC /* CustomTextField.swift */,
				AB1CA9E028D02AC900D9DEDC /* Extensions.swift */,
				AB1CA9DF28D02AC900D9DEDC /* ImagePicker.swift */,
				AB1CA9E428D02AC900D9DEDC /* LazyView.swift */,
				AB1CA9E328D02AC900D9DEDC /* TextArea.swift */,
			);
			path = Utils;
			sourceTree = "<group>";
		};
		AB80BB8D28C945790009B56D /* View */ = {
			isa = PBXGroup;
			children = (
				AB80BB9928C946540009B56D /* Items */,
				AB80BB9828C946390009B56D /* Authentication */,
				AB80BB9728C946300009B56D /* Notifications */,
				AB80BB9628C9462C0009B56D /* Search */,
				AB80BB9528C946270009B56D /* Comments */,
				AB80BB9428C946230009B56D /* Feed */,
				AB80BB9328C9461F0009B56D /* Profile */,
				AB80BB9228C946190009B56D /* UploadPost */,
				AB80BB9128C945FB0009B56D /* Main */,
			);
			path = View;
			sourceTree = "<group>";
		};
		AB80BB8E28C9457A0009B56D /* Model */ = {
			isa = PBXGroup;
			children = (
			);
			path = Model;
			sourceTree = "<group>";
		};
		AB80BB9128C945FB0009B56D /* Main */ = {
			isa = PBXGroup;
			children = (
				AB80BB8F28C945E50009B56D /* ContentView.swift */,
				AB1CA9DC28D029DC00D9DEDC /* MainTabView.swift */,
			);
			path = Main;
			sourceTree = "<group>";
		};
		AB80BB9228C946190009B56D /* UploadPost */ = {
			isa = PBXGroup;
			children = (
			);
			path = UploadPost;
			sourceTree = "<group>";
		};
		AB80BB9328C9461F0009B56D /* Profile */ = {
			isa = PBXGroup;
			children = (
			);
			path = Profile;
			sourceTree = "<group>";
		};
		AB80BB9428C946230009B56D /* Feed */ = {
			isa = PBXGroup;
			children = (
			);
			path = Feed;
			sourceTree = "<group>";
		};
		AB80BB9528C946270009B56D /* Comments */ = {
			isa = PBXGroup;
			children = (
			);
			path = Comments;
			sourceTree = "<group>";
		};
		AB80BB9628C9462C0009B56D /* Search */ = {
			isa = PBXGroup;
			children = (
			);
			path = Search;
			sourceTree = "<group>";
		};
		AB80BB9728C946300009B56D /* Notifications */ = {
			isa = PBXGroup;
			children = (
			);
			path = Notifications;
			sourceTree = "<group>";
		};
		AB80BB9828C946390009B56D /* Authentication */ = {
			isa = PBXGroup;
			children = (
			);
			path = Authentication;
			sourceTree = "<group>";
		};
		AB80BB9928C946540009B56D /* Items */ = {
			isa = PBXGroup;
			children = (
			);
			path = Items;
			sourceTree = "<group>";
		};
		AB80BB9A28C946BB0009B56D /* Profile */ = {
			isa = PBXGroup;
			children = (
			);
			path = Profile;
			sourceTree = "<group>";
		};
		AB80BB9B28C946C20009B56D /* Authentication */ = {
			isa = PBXGroup;
			children = (
			);
			path = Authentication;
			sourceTree = "<group>";
		};
		AB80BB9C28C946CA0009B56D /* Notifications */ = {
			isa = PBXGroup;
			children = (
			);
			path = Notifications;
			sourceTree = "<group>";
		};
		AB80BB9D28C946CF0009B56D /* Feed */ = {
			isa = PBXGroup;
			children = (
			);
			path = Feed;
			sourceTree = "<group>";
		};
/* End PBXGroup section */

/* Begin PBXNativeTarget section */
		AB80BB7828C944B30009B56D /* Instagram */ = {
			isa = PBXNativeTarget;
			buildConfigurationList = AB80BB8728C944B50009B56D /* Build configuration list for PBXNativeTarget "Instagram" */;
			buildPhases = (
				AB80BB7528C944B30009B56D /* Sources */,
				AB80BB7628C944B30009B56D /* Frameworks */,
				AB80BB7728C944B30009B56D /* Resources */,
			);
			buildRules = (
			);
			dependencies = (
			);
			name = Instagram;
			productName = Instagram;
			productReference = AB80BB7928C944B30009B56D /* Instagram.app */;
			productType = "com.apple.product-type.application";
		};
/* End PBXNativeTarget section */

/* Begin PBXProject section */
		AB80BB7128C944B30009B56D /* Project object */ = {
			isa = PBXProject;
			attributes = {
				BuildIndependentTargetsInParallel = 1;
				LastSwiftUpdateCheck = 1340;
				LastUpgradeCheck = 1340;
				TargetAttributes = {
					AB80BB7828C944B30009B56D = {
						CreatedOnToolsVersion = 13.4.1;
					};
				};
			};
			buildConfigurationList = AB80BB7428C944B30009B56D /* Build configuration list for PBXProject "Instagram" */;
			compatibilityVersion = "Xcode 13.0";
			developmentRegion = en;
			hasScannedForEncodings = 0;
			knownRegions = (
				en,
				Base,
			);
			mainGroup = AB80BB7028C944B30009B56D;
			productRefGroup = AB80BB7A28C944B30009B56D /* Products */;
			projectDirPath = "";
			projectRoot = "";
			targets = (
				AB80BB7828C944B30009B56D /* Instagram */,
			);
		};
/* End PBXProject section */

/* Begin PBXResourcesBuildPhase section */
		AB80BB7728C944B30009B56D /* Resources */ = {
			isa = PBXResourcesBuildPhase;
			buildActionMask = 2147483647;
			files = (
				AB80BB8428C944B50009B56D /* Preview Assets.xcassets in Resources */,
				AB80BB8128C944B50009B56D /* Assets.xcassets in Resources */,
			);
			runOnlyForDeploymentPostprocessing = 0;
		};
/* End PBXResourcesBuildPhase section */

/* Begin PBXSourcesBuildPhase section */
		AB80BB7528C944B30009B56D /* Sources */ = {
			isa = PBXSourcesBuildPhase;
			buildActionMask = 2147483647;
			files = (
				AB1CA9E528D02AC900D9DEDC /* CustomSecureField.swift in Sources */,
				AB1CA9E728D02AC900D9DEDC /* Extensions.swift in Sources */,
				AB80BB9028C945E50009B56D /* ContentView.swift in Sources */,
				AB1CA9E628D02AC900D9DEDC /* ImagePicker.swift in Sources */,
				AB1CA9E928D02AC900D9DEDC /* CustomTextField.swift in Sources */,
				AB1CA9E828D02AC900D9DEDC /* Constants.swift in Sources */,
				AB80BB7D28C944B30009B56D /* InstagramApp.swift in Sources */,
				AB1CA9EA28D02AC900D9DEDC /* TextArea.swift in Sources */,
				AB1CA9EB28D02AC900D9DEDC /* LazyView.swift in Sources */,
				AB1CA9DD28D029DC00D9DEDC /* MainTabView.swift in Sources */,
			);
			runOnlyForDeploymentPostprocessing = 0;
		};
/* End PBXSourcesBuildPhase section */

/* Begin XCBuildConfiguration section */
		AB80BB8528C944B50009B56D /* Debug */ = {
			isa = XCBuildConfiguration;
			buildSettings = {
				ALWAYS_SEARCH_USER_PATHS = NO;
				CLANG_ANALYZER_NONNULL = YES;
				CLANG_ANALYZER_NUMBER_OBJECT_CONVERSION = YES_AGGRESSIVE;
				CLANG_CXX_LANGUAGE_STANDARD = "gnu++17";
				CLANG_ENABLE_MODULES = YES;
				CLANG_ENABLE_OBJC_ARC = YES;
				CLANG_ENABLE_OBJC_WEAK = YES;
				CLANG_WARN_BLOCK_CAPTURE_AUTORELEASING = YES;
				CLANG_WARN_BOOL_CONVERSION = YES;
				CLANG_WARN_COMMA = YES;
				CLANG_WARN_CONSTANT_CONVERSION = YES;
				CLANG_WARN_DEPRECATED_OBJC_IMPLEMENTATIONS = YES;
				CLANG_WARN_DIRECT_OBJC_ISA_USAGE = YES_ERROR;
				CLANG_WARN_DOCUMENTATION_COMMENTS = YES;
				CLANG_WARN_EMPTY_BODY = YES;
				CLANG_WARN_ENUM_CONVERSION = YES;
				CLANG_WARN_INFINITE_RECURSION = YES;
				CLANG_WARN_INT_CONVERSION = YES;
				CLANG_WARN_NON_LITERAL_NULL_CONVERSION = YES;
				CLANG_WARN_OBJC_IMPLICIT_RETAIN_SELF = YES;
				CLANG_WARN_OBJC_LITERAL_CONVERSION = YES;
				CLANG_WARN_OBJC_ROOT_CLASS = YES_ERROR;
				CLANG_WARN_QUOTED_INCLUDE_IN_FRAMEWORK_HEADER = YES;
				CLANG_WARN_RANGE_LOOP_ANALYSIS = YES;
				CLANG_WARN_STRICT_PROTOTYPES = YES;
				CLANG_WARN_SUSPICIOUS_MOVE = YES;
				CLANG_WARN_UNGUARDED_AVAILABILITY = YES_AGGRESSIVE;
				CLANG_WARN_UNREACHABLE_CODE = YES;
				CLANG_WARN__DUPLICATE_METHOD_MATCH = YES;
				COPY_PHASE_STRIP = NO;
				DEBUG_INFORMATION_FORMAT = dwarf;
				ENABLE_STRICT_OBJC_MSGSEND = YES;
				ENABLE_TESTABILITY = YES;
				GCC_C_LANGUAGE_STANDARD = gnu11;
				GCC_DYNAMIC_NO_PIC = NO;
				GCC_NO_COMMON_BLOCKS = YES;
				GCC_OPTIMIZATION_LEVEL = 0;
				GCC_PREPROCESSOR_DEFINITIONS = (
					"DEBUG=1",
					"$(inherited)",
				);
				GCC_WARN_64_TO_32_BIT_CONVERSION = YES;
				GCC_WARN_ABOUT_RETURN_TYPE = YES_ERROR;
				GCC_WARN_UNDECLARED_SELECTOR = YES;
				GCC_WARN_UNINITIALIZED_AUTOS = YES_AGGRESSIVE;
				GCC_WARN_UNUSED_FUNCTION = YES;
				GCC_WARN_UNUSED_VARIABLE = YES;
				IPHONEOS_DEPLOYMENT_TARGET = 15.5;
				MTL_ENABLE_DEBUG_INFO = INCLUDE_SOURCE;
				MTL_FAST_MATH = YES;
				ONLY_ACTIVE_ARCH = YES;
				SDKROOT = iphoneos;
				SWIFT_ACTIVE_COMPILATION_CONDITIONS = DEBUG;
				SWIFT_OPTIMIZATION_LEVEL = "-Onone";
			};
			name = Debug;
		};
		AB80BB8628C944B50009B56D /* Release */ = {
			isa = XCBuildConfiguration;
			buildSettings = {
				ALWAYS_SEARCH_USER_PATHS = NO;
				CLANG_ANALYZER_NONNULL = YES;
				CLANG_ANALYZER_NUMBER_OBJECT_CONVERSION = YES_AGGRESSIVE;
				CLANG_CXX_LANGUAGE_STANDARD = "gnu++17";
				CLANG_ENABLE_MODULES = YES;
				CLANG_ENABLE_OBJC_ARC = YES;
				CLANG_ENABLE_OBJC_WEAK = YES;
				CLANG_WARN_BLOCK_CAPTURE_AUTORELEASING = YES;
				CLANG_WARN_BOOL_CONVERSION = YES;
				CLANG_WARN_COMMA = YES;
				CLANG_WARN_CONSTANT_CONVERSION = YES;
				CLANG_WARN_DEPRECATED_OBJC_IMPLEMENTATIONS = YES;
				CLANG_WARN_DIRECT_OBJC_ISA_USAGE = YES_ERROR;
				CLANG_WARN_DOCUMENTATION_COMMENTS = YES;
				CLANG_WARN_EMPTY_BODY = YES;
				CLANG_WARN_ENUM_CONVERSION = YES;
				CLANG_WARN_INFINITE_RECURSION = YES;
				CLANG_WARN_INT_CONVERSION = YES;
				CLANG_WARN_NON_LITERAL_NULL_CONVERSION = YES;
				CLANG_WARN_OBJC_IMPLICIT_RETAIN_SELF = YES;
				CLANG_WARN_OBJC_LITERAL_CONVERSION = YES;
				CLANG_WARN_OBJC_ROOT_CLASS = YES_ERROR;
				CLANG_WARN_QUOTED_INCLUDE_IN_FRAMEWORK_HEADER = YES;
				CLANG_WARN_RANGE_LOOP_ANALYSIS = YES;
				CLANG_WARN_STRICT_PROTOTYPES = YES;
				CLANG_WARN_SUSPICIOUS_MOVE = YES;
				CLANG_WARN_UNGUARDED_AVAILABILITY = YES_AGGRESSIVE;
				CLANG_WARN_UNREACHABLE_CODE = YES;
				CLANG_WARN__DUPLICATE_METHOD_MATCH = YES;
				COPY_PHASE_STRIP = NO;
				DEBUG_INFORMATION_FORMAT = "dwarf-with-dsym";
				ENABLE_NS_ASSERTIONS = NO;
				ENABLE_STRICT_OBJC_MSGSEND = YES;
				GCC_C_LANGUAGE_STANDARD = gnu11;
				GCC_NO_COMMON_BLOCKS = YES;
				GCC_WARN_64_TO_32_BIT_CONVERSION = YES;
				GCC_WARN_ABOUT_RETURN_TYPE = YES_ERROR;
				GCC_WARN_UNDECLARED_SELECTOR = YES;
				GCC_WARN_UNINITIALIZED_AUTOS = YES_AGGRESSIVE;
				GCC_WARN_UNUSED_FUNCTION = YES;
				GCC_WARN_UNUSED_VARIABLE = YES;
				IPHONEOS_DEPLOYMENT_TARGET = 15.5;
				MTL_ENABLE_DEBUG_INFO = NO;
				MTL_FAST_MATH = YES;
				SDKROOT = iphoneos;
				SWIFT_COMPILATION_MODE = wholemodule;
				SWIFT_OPTIMIZATION_LEVEL = "-O";
				VALIDATE_PRODUCT = YES;
			};
			name = Release;
		};
		AB80BB8828C944B50009B56D /* Debug */ = {
			isa = XCBuildConfiguration;
			buildSettings = {
				ASSETCATALOG_COMPILER_APPICON_NAME = AppIcon;
				ASSETCATALOG_COMPILER_GLOBAL_ACCENT_COLOR_NAME = AccentColor;
				CODE_SIGN_STYLE = Automatic;
				CURRENT_PROJECT_VERSION = 1;
				DEVELOPMENT_ASSET_PATHS = "\"Instagram/Preview Content\"";
				ENABLE_PREVIEWS = YES;
				GENERATE_INFOPLIST_FILE = YES;
				INFOPLIST_KEY_UIApplicationSceneManifest_Generation = YES;
				INFOPLIST_KEY_UIApplicationSupportsIndirectInputEvents = YES;
				INFOPLIST_KEY_UILaunchScreen_Generation = YES;
				INFOPLIST_KEY_UISupportedInterfaceOrientations_iPad = "UIInterfaceOrientationPortrait UIInterfaceOrientationPortraitUpsideDown UIInterfaceOrientationLandscapeLeft UIInterfaceOrientationLandscapeRight";
				INFOPLIST_KEY_UISupportedInterfaceOrientations_iPhone = "UIInterfaceOrientationPortrait UIInterfaceOrientationLandscapeLeft UIInterfaceOrientationLandscapeRight";
				LD_RUNPATH_SEARCH_PATHS = (
					"$(inherited)",
					"@executable_path/Frameworks",
				);
				MARKETING_VERSION = 1.0;
				PRODUCT_BUNDLE_IDENTIFIER = com.wagao.Instagram;
				PRODUCT_NAME = "$(TARGET_NAME)";
				SWIFT_EMIT_LOC_STRINGS = YES;
				SWIFT_VERSION = 5.0;
				TARGETED_DEVICE_FAMILY = "1,2";
			};
			name = Debug;
		};
		AB80BB8928C944B50009B56D /* Release */ = {
			isa = XCBuildConfiguration;
			buildSettings = {
				ASSETCATALOG_COMPILER_APPICON_NAME = AppIcon;
				ASSETCATALOG_COMPILER_GLOBAL_ACCENT_COLOR_NAME = AccentColor;
				CODE_SIGN_STYLE = Automatic;
				CURRENT_PROJECT_VERSION = 1;
				DEVELOPMENT_ASSET_PATHS = "\"Instagram/Preview Content\"";
				ENABLE_PREVIEWS = YES;
				GENERATE_INFOPLIST_FILE = YES;
				INFOPLIST_KEY_UIApplicationSceneManifest_Generation = YES;
				INFOPLIST_KEY_UIApplicationSupportsIndirectInputEvents = YES;
				INFOPLIST_KEY_UILaunchScreen_Generation = YES;
				INFOPLIST_KEY_UISupportedInterfaceOrientations_iPad = "UIInterfaceOrientationPortrait UIInterfaceOrientationPortraitUpsideDown UIInterfaceOrientationLandscapeLeft UIInterfaceOrientationLandscapeRight";
				INFOPLIST_KEY_UISupportedInterfaceOrientations_iPhone = "UIInterfaceOrientationPortrait UIInterfaceOrientationLandscapeLeft UIInterfaceOrientationLandscapeRight";
				LD_RUNPATH_SEARCH_PATHS = (
					"$(inherited)",
					"@executable_path/Frameworks",
				);
				MARKETING_VERSION = 1.0;
				PRODUCT_BUNDLE_IDENTIFIER = com.wagao.Instagram;
				PRODUCT_NAME = "$(TARGET_NAME)";
				SWIFT_EMIT_LOC_STRINGS = YES;
				SWIFT_VERSION = 5.0;
				TARGETED_DEVICE_FAMILY = "1,2";
			};
			name = Release;
		};
/* End XCBuildConfiguration section */

/* Begin XCConfigurationList section */
		AB80BB7428C944B30009B56D /* Build configuration list for PBXProject "Instagram" */ = {
			isa = XCConfigurationList;
			buildConfigurations = (
				AB80BB8528C944B50009B56D /* Debug */,
				AB80BB8628C944B50009B56D /* Release */,
			);
			defaultConfigurationIsVisible = 0;
			defaultConfigurationName = Release;
		};
		AB80BB8728C944B50009B56D /* Build configuration list for PBXNativeTarget "Instagram" */ = {
			isa = XCConfigurationList;
			buildConfigurations = (
				AB80BB8828C944B50009B56D /* Debug */,
				AB80BB8928C944B50009B56D /* Release */,
			);
			defaultConfigurationIsVisible = 0;
			defaultConfigurationName = Release;
		};
/* End XCConfigurationList section */
	};
	rootObject = AB80BB7128C944B30009B56D /* Project object */;
}
